#MicroXplorer Configuration settings - do not modify
CAD.formats=[{"id"\:42,"cad_product"\:"KiCAD v6+","cad_family"\:"KiCAD"}]
CAD.pinconfig=Project naming
CAD.provider=
Dma.LPUART1_RX.0.Direction=DMA_PERIPH_TO_MEMORY
Dma.LPUART1_RX.0.Instance=DMA1_Channel3
Dma.LPUART1_RX.0.MemDataAlignment=DMA_MDATAALIGN_BYTE
Dma.LPUART1_RX.0.MemInc=DMA_MINC_ENABLE
Dma.LPUART1_RX.0.Mode=DMA_NORMAL
Dma.LPUART1_RX.0.PeriphDataAlignment=DMA_PDATAALIGN_BYTE
Dma.LPUART1_RX.0.PeriphInc=DMA_PINC_DISABLE
Dma.LPUART1_RX.0.Priority=DMA_PRIORITY_HIGH
Dma.LPUART1_RX.0.RequestParameters=Instance,Direction,PeriphInc,MemInc,PeriphDataAlignment,MemDataAlignment,Mode,Priority
Dma.LPUART1_TX.1.Direction=DMA_MEMORY_TO_PERIPH
Dma.LPUART1_TX.1.Instance=DMA1_Channel2
Dma.LPUART1_TX.1.MemDataAlignment=DMA_MDATAALIGN_BYTE
Dma.LPUART1_TX.1.MemInc=DMA_MINC_ENABLE
Dma.LPUART1_TX.1.Mode=DMA_NORMAL
Dma.LPUART1_TX.1.PeriphDataAlignment=DMA_PDATAALIGN_BYTE
Dma.LPUART1_TX.1.PeriphInc=DMA_PINC_DISABLE
Dma.LPUART1_TX.1.Priority=DMA_PRIORITY_HIGH
Dma.LPUART1_TX.1.RequestParameters=Instance,Direction,PeriphInc,MemInc,PeriphDataAlignment,MemDataAlignment,Mode,Priority
Dma.Request0=LPUART1_RX
Dma.Request1=LPUART1_TX
Dma.RequestsNb=2
File.Version=6
GPIO.groupedBy=Group By Peripherals
I2C1.IPParameters=Timing
I2C1.Timing=0x00B07CB4
I2C2.IPParameters=Timing
I2C2.Timing=0x00B07CB4
KeepUserPlacement=true
LPUART1.BaudRate=115200
LPUART1.IPParameters=BaudRate,WordLength
LPUART1.WordLength=UART_WORDLENGTH_8B
Mcu.CPN=STM32L072VZT6
Mcu.Family=STM32L0
Mcu.IP0=DMA
Mcu.IP1=I2C1
Mcu.IP10=USB_DEVICE
Mcu.IP2=I2C2
Mcu.IP3=LPUART1
Mcu.IP4=NVIC
Mcu.IP5=RCC
Mcu.IP6=SYS
Mcu.IP7=TIM2
Mcu.IP8=USART2
Mcu.IP9=USB
Mcu.IPNb=11
Mcu.Name=STM32L072V(B-Z)Tx
Mcu.Package=LQFP100
Mcu.Pin0=PE2
Mcu.Pin1=PE3
Mcu.Pin10=PH0-OSC_IN
Mcu.Pin11=PH1-OSC_OUT
Mcu.Pin12=PC0
Mcu.Pin13=PC1
Mcu.Pin14=PC2
Mcu.Pin15=PC3
Mcu.Pin16=PA0
Mcu.Pin17=PA1
Mcu.Pin18=PA2
Mcu.Pin19=PA3
Mcu.Pin2=PE4
Mcu.Pin20=PA4
Mcu.Pin21=PA5
Mcu.Pin22=PA6
Mcu.Pin23=PA7
Mcu.Pin24=PC4
Mcu.Pin25=PC5
Mcu.Pin26=PB0
Mcu.Pin27=PB1
Mcu.Pin28=PB2
Mcu.Pin29=PE7
Mcu.Pin3=PE5
Mcu.Pin30=PE8
Mcu.Pin31=PE9
Mcu.Pin32=PE10
Mcu.Pin33=PE11
Mcu.Pin34=PE12
Mcu.Pin35=PE13
Mcu.Pin36=PE14
Mcu.Pin37=PE15
Mcu.Pin38=PB10
Mcu.Pin39=PB11
Mcu.Pin4=PE6
Mcu.Pin40=PB12
Mcu.Pin41=PB13
Mcu.Pin42=PB14
Mcu.Pin43=PB15
Mcu.Pin44=PD8
Mcu.Pin45=PD9
Mcu.Pin46=PD10
Mcu.Pin47=PD11
Mcu.Pin48=PD12
Mcu.Pin49=PD13
Mcu.Pin5=PC13
Mcu.Pin50=PD14
Mcu.Pin51=PD15
Mcu.Pin52=PC6
Mcu.Pin53=PC7
Mcu.Pin54=PC8
Mcu.Pin55=PC9
Mcu.Pin56=PA8
Mcu.Pin57=PA9
Mcu.Pin58=PA10
Mcu.Pin59=PA11
Mcu.Pin6=PC14-OSC32_IN
Mcu.Pin60=PA12
Mcu.Pin61=PA13
Mcu.Pin62=PA14
Mcu.Pin63=PA15
Mcu.Pin64=PC10
Mcu.Pin65=PC11
Mcu.Pin66=PC12
Mcu.Pin67=PD0
Mcu.Pin68=PD1
Mcu.Pin69=PD2
Mcu.Pin7=PC15-OSC32_OUT
Mcu.Pin70=PD3
Mcu.Pin71=PD4
Mcu.Pin72=PD5
Mcu.Pin73=PD6
Mcu.Pin74=PD7
Mcu.Pin75=PB3
Mcu.Pin76=PB4
Mcu.Pin77=PB5
Mcu.Pin78=PB6
Mcu.Pin79=PB7
Mcu.Pin8=PH9
Mcu.Pin80=PB8
Mcu.Pin81=PB9
Mcu.Pin82=PE0
Mcu.Pin83=PE1
Mcu.Pin84=VP_SYS_VS_Systick
Mcu.Pin85=VP_USB_DEVICE_VS_USB_DEVICE_HID_FS
Mcu.Pin9=PH10
Mcu.PinsNb=86
Mcu.ThirdPartyNb=0
Mcu.UserConstants=
Mcu.UserName=STM32L072VZTx
MxCube.Version=6.13.0
MxDb.Version=DB.6.0.130
NVIC.DMA1_Channel2_3_IRQn=true\:0\:0\:false\:false\:true\:false\:true\:true
NVIC.ForceEnableDMAVector=true
NVIC.HardFault_IRQn=true\:0\:0\:false\:false\:true\:false\:false\:false
NVIC.NonMaskableInt_IRQn=true\:0\:0\:false\:false\:true\:false\:false\:false
NVIC.PendSV_IRQn=true\:0\:0\:false\:false\:true\:false\:false\:false
NVIC.SVC_IRQn=true\:0\:0\:false\:false\:true\:false\:false\:true
NVIC.SysTick_IRQn=true\:3\:0\:false\:false\:true\:false\:true\:false
NVIC.USB_IRQn=true\:0\:0\:false\:false\:true\:false\:true\:true
PA0.GPIOParameters=GPIO_Label
PA0.GPIO_Label=TOUCH_INT
PA0.Locked=true
PA0.Signal=GPIO_Input
PA1.Signal=GPIO_Analog
PA10.Mode=I2C
PA10.Signal=I2C1_SDA
PA11.Mode=Device
PA11.Signal=USB_DM
PA12.Mode=Device
PA12.Signal=USB_DP
PA13.Mode=Serial_Wire
PA13.Signal=SYS_SWDIO
PA14.Mode=Serial_Wire
PA14.Signal=SYS_SWCLK
PA15.Signal=GPIO_Analog
PA2.Mode=Asynchronous
PA2.Signal=USART2_TX
PA3.Mode=Asynchronous
PA3.Signal=USART2_RX
PA4.GPIOParameters=GPIO_Label
PA4.GPIO_Label=BMS_ALERT
PA4.Locked=true
PA4.Signal=GPIO_Input
PA5.GPIOParameters=GPIO_Label
PA5.GPIO_Label=LMAT_RESET
PA5.Locked=true
PA5.Signal=GPIO_Output
PA6.Mode=CTS_RTS
PA6.Signal=LPUART1_CTS
PA7.GPIOParameters=GPIO_Label
PA7.GPIO_Label=LMAT_INT
PA7.Locked=true
PA7.Signal=GPIO_Input
PA8.Signal=GPIO_Analog
PA9.Mode=I2C
PA9.Signal=I2C1_SCL
PB0.Signal=GPIO_Analog
PB1.Mode=CTS_RTS
PB1.Signal=LPUART1_RTS
PB10.Mode=I2C
PB10.Signal=I2C2_SCL
PB11.Mode=I2C
PB11.Signal=I2C2_SDA
PB12.Signal=GPIO_Analog
PB13.GPIOParameters=GPIO_Label
PB13.GPIO_Label=BLE_STAT1
PB13.Locked=true
PB13.Signal=GPIO_Input
PB14.GPIOParameters=GPIO_Label
PB14.GPIO_Label=BLE_STAT2
PB14.Locked=true
PB14.Signal=GPIO_Input
PB15.GPIOParameters=GPIO_Label
PB15.GPIO_Label=BT_SIGNAL_GOOD
PB15.Locked=true
PB15.Signal=GPIO_Input
PB2.Signal=GPIO_Analog
PB3.GPIOParameters=GPIO_PuPd,GPIO_Label
PB3.GPIO_Label=C1
PB3.GPIO_PuPd=GPIO_PULLUP
PB3.Locked=true
PB3.Signal=GPIO_Input
PB4.GPIOParameters=GPIO_PuPd,GPIO_Label
PB4.GPIO_Label=C2
PB4.GPIO_PuPd=GPIO_PULLUP
PB4.Locked=true
PB4.Signal=GPIO_Input
PB5.GPIOParameters=GPIO_PuPd,GPIO_Label
PB5.GPIO_Label=C3
PB5.GPIO_PuPd=GPIO_PULLUP
PB5.Locked=true
PB5.Signal=GPIO_Input
PB6.GPIOParameters=GPIO_PuPd,GPIO_Label
PB6.GPIO_Label=C4
PB6.GPIO_PuPd=GPIO_PULLUP
PB6.Locked=true
PB6.Signal=GPIO_Input
PB7.GPIOParameters=GPIO_PuPd,GPIO_Label
PB7.GPIO_Label=C5
PB7.GPIO_PuPd=GPIO_PULLUP
PB7.Locked=true
PB7.Signal=GPIO_Input
PB8.GPIOParameters=GPIO_PuPd,GPIO_Label
PB8.GPIO_Label=C6
PB8.GPIO_PuPd=GPIO_PULLUP
PB8.Locked=true
PB8.Signal=GPIO_Input
PB9.GPIOParameters=GPIO_PuPd,GPIO_Label
PB9.GPIO_Label=C7
PB9.GPIO_PuPd=GPIO_PULLUP
PB9.Locked=true
PB9.Signal=GPIO_Input
PC0.Signal=GPIO_Analog
PC1.Signal=GPIO_Analog
PC10.GPIOParameters=GPIO_PuPd,GPIO_Label
PC10.GPIO_Label=BT_PAIR_SW
PC10.GPIO_PuPd=GPIO_PULLUP
PC10.Locked=true
PC10.Signal=GPIO_Input
PC11.GPIOParameters=GPIO_Label
PC11.GPIO_Label=BT_RESET
PC11.Locked=true
PC11.Signal=GPIO_Input
PC12.GPIOParameters=GPIO_Label
PC12.GPIO_Label=BT_TX_ALERT
PC12.Locked=true
PC12.Signal=GPIO_Input
PC13.Signal=GPIO_Analog
PC14-OSC32_IN.Signal=GPIO_Analog
PC15-OSC32_OUT.Signal=GPIO_Analog
PC2.Signal=GPIO_Analog
PC3.Signal=GPIO_Analog
PC4.Locked=true
PC4.Mode=Asynchronous
PC4.Signal=LPUART1_TX
PC5.Locked=true
PC5.Mode=Asynchronous
PC5.Signal=LPUART1_RX
PC6.GPIOParameters=GPIO_Label
PC6.GPIO_Label=UART_MODE_SW
PC6.Locked=true
PC6.Signal=GPIO_Output
PC7.GPIOParameters=GPIO_Label
PC7.GPIO_Label=BT_RX_INPUT
PC7.Locked=true
PC7.Signal=GPIO_Input
PC8.GPIOParameters=GPIO_Label
PC8.GPIO_Label=EEPROM_WC
PC8.Locked=true
PC8.Signal=GPIO_Output
PC9.GPIOParameters=GPIO_Label
PC9.GPIO_Label=AMB_I2C_INT
PC9.Locked=true
PC9.Signal=GPIO_Input
PCC.Checker=true
PCC.Line=STM32L0x2
PCC.MCU=STM32L072V(B-Z)Tx
PCC.PartNumber=STM32L072VZTx
PCC.Seq0=2
PCC.Seq0.Step0.Average_Current=6.65 mA
PCC.Seq0.Step0.CPU_Frequency=32 MHz
PCC.Seq0.Step0.Category=In DS Table
PCC.Seq0.Step0.DMIPS=30.0
PCC.Seq0.Step0.Duration=6.9 ms
PCC.Seq0.Step0.Frequency=16 MHz
PCC.Seq0.Step0.Memory=RAM
PCC.Seq0.Step0.Mode=RUN
PCC.Seq0.Step0.Oscillator=HSEBYP PLL
PCC.Seq0.Step0.Peripherals=
PCC.Seq0.Step0.TaMax=104.18
PCC.Seq0.Step0.User's_Consumption=0 mA
PCC.Seq0.Step0.Vcore=Range1-High
PCC.Seq0.Step0.Vdd=3.0
PCC.Seq0.Step0.Voltage_Source=Battery
PCC.Seq0.Step1.Average_Current=290 nA
PCC.Seq0.Step1.CPU_Frequency=0 Hz
PCC.Seq0.Step1.Category=In DS Table
PCC.Seq0.Step1.DMIPS=0.0
PCC.Seq0.Step1.Duration=8.1 ms
PCC.Seq0.Step1.Frequency=0 Hz
PCC.Seq0.Step1.Memory=n/a
PCC.Seq0.Step1.Mode=STANDBY
PCC.Seq0.Step1.Oscillator=ALL CLOCKS OFF
PCC.Seq0.Step1.Peripherals=
PCC.Seq0.Step1.TaMax=105
PCC.Seq0.Step1.User's_Consumption=0 mA
PCC.Seq0.Step1.Vcore=NoRange
PCC.Seq0.Step1.Vdd=3.0
PCC.Seq0.Step1.Voltage_Source=Battery
PCC.Series=STM32L0
PCC.Temperature=25
PCC.Vdd=3.0
PD0.Signal=GPIO_Analog
PD1.GPIOParameters=GPIO_Speed,PinState,GPIO_Label,GPIO_ModeDefaultOutputPP
PD1.GPIO_Label=R0
PD1.GPIO_ModeDefaultOutputPP=GPIO_MODE_OUTPUT_PP
PD1.GPIO_Speed=GPIO_SPEED_FREQ_HIGH
PD1.Locked=true
PD1.PinState=GPIO_PIN_SET
PD1.Signal=GPIO_Output
PD10.GPIOParameters=GPIO_Label
PD10.GPIO_Label=LMAT_SDB
PD10.Locked=true
PD10.Signal=GPIO_Output
PD11.Signal=GPIO_Analog
PD12.Signal=GPIO_Analog
PD13.Signal=GPIO_Analog
PD14.Signal=GPIO_Analog
PD15.Signal=GPIO_Analog
PD2.GPIOParameters=GPIO_Speed,PinState,GPIO_PuPd,GPIO_Label
PD2.GPIO_Label=R1
PD2.GPIO_PuPd=GPIO_NOPULL
PD2.GPIO_Speed=GPIO_SPEED_FREQ_HIGH
PD2.Locked=true
PD2.PinState=GPIO_PIN_SET
PD2.Signal=GPIO_Output
PD3.GPIOParameters=GPIO_Speed,PinState,GPIO_Label
PD3.GPIO_Label=R2
PD3.GPIO_Speed=GPIO_SPEED_FREQ_HIGH
PD3.Locked=true
PD3.PinState=GPIO_PIN_SET
PD3.Signal=GPIO_Output
PD4.GPIOParameters=GPIO_Speed,PinState,GPIO_Label
PD4.GPIO_Label=R3
PD4.GPIO_Speed=GPIO_SPEED_FREQ_HIGH
PD4.Locked=true
PD4.PinState=GPIO_PIN_SET
PD4.Signal=GPIO_Output
PD5.GPIOParameters=GPIO_Speed,PinState,GPIO_Label
PD5.GPIO_Label=R4
PD5.GPIO_Speed=GPIO_SPEED_FREQ_HIGH
PD5.Locked=true
PD5.PinState=GPIO_PIN_SET
PD5.Signal=GPIO_Output
PD6.GPIOParameters=GPIO_Speed,PinState,GPIO_Label
PD6.GPIO_Label=R5
PD6.GPIO_Speed=GPIO_SPEED_FREQ_HIGH
PD6.Locked=true
PD6.PinState=GPIO_PIN_SET
PD6.Signal=GPIO_Output
PD7.GPIOParameters=GPIO_PuPd,GPIO_Label
PD7.GPIO_Label=C0
PD7.GPIO_PuPd=GPIO_PULLUP
PD7.Locked=true
PD7.Signal=GPIO_Input
PD8.GPIOParameters=GPIO_PuPd,GPIO_Label
PD8.GPIO_Label=VBUS_DETECT
PD8.GPIO_PuPd=GPIO_NOPULL
PD8.Locked=true
PD8.Signal=GPIO_Input
PD9.GPIOParameters=GPIO_Label
PD9.GPIO_Label=PROX_SENSE_INT
PD9.Locked=true
PD9.Signal=GPIO_Input
PE0.GPIOParameters=GPIO_PuPd,GPIO_Label
PE0.GPIO_Label=C8
PE0.GPIO_PuPd=GPIO_PULLUP
PE0.Locked=true
PE0.Signal=GPIO_Input
PE1.GPIOParameters=GPIO_PuPd,GPIO_Label
PE1.GPIO_Label=C9
PE1.GPIO_PuPd=GPIO_PULLUP
PE1.Locked=true
PE1.Signal=GPIO_Input
PE10.GPIOParameters=GPIO_Label
PE10.GPIO_Label=HAPTIC_EN/PWM
PE10.Locked=true
PE10.Signal=S_TIM2_CH2
PE11.Signal=GPIO_Analog
PE12.Signal=GPIO_Analog
PE13.Signal=GPIO_Analog
PE14.Signal=GPIO_Analog
PE15.Signal=GPIO_Analog
PE2.GPIOParameters=GPIO_PuPd,GPIO_Label
PE2.GPIO_Label=C10
PE2.GPIO_PuPd=GPIO_PULLUP
PE2.Locked=true
PE2.Signal=GPIO_Input
PE3.GPIOParameters=GPIO_PuPd,GPIO_Label
PE3.GPIO_Label=C11
PE3.GPIO_PuPd=GPIO_PULLUP
PE3.Locked=true
PE3.Signal=GPIO_Input
PE4.GPIOParameters=GPIO_PuPd,GPIO_Label
PE4.GPIO_Label=C12
PE4.GPIO_PuPd=GPIO_PULLUP
PE4.Locked=true
PE4.Signal=GPIO_Input
PE5.GPIOParameters=GPIO_PuPd,GPIO_Label
PE5.GPIO_Label=C13
PE5.GPIO_PuPd=GPIO_PULLUP
PE5.Locked=true
PE5.Signal=GPIO_Input
PE6.Signal=GPIO_Analog
PE7.Signal=GPIO_Analog
PE8.Signal=GPIO_Analog
PE9.GPIOParameters=GPIO_Label
PE9.GPIO_Label=HAPTIC_PWM/EN
PE9.Locked=true
PE9.Signal=S_TIM2_CH1
PH0-OSC_IN.Mode=HSE-External-Oscillator
PH0-OSC_IN.Signal=RCC_OSC_IN
PH1-OSC_OUT.Mode=HSE-External-Oscillator
PH1-OSC_OUT.Signal=RCC_OSC_OUT
PH10.Signal=GPIO_Analog
PH9.Signal=GPIO_Analog
PinOutPanel.RotationAngle=0
ProjectManager.AskForMigrate=true
ProjectManager.BackupPrevious=false
ProjectManager.CompilerOptimize=6
ProjectManager.ComputerToolchain=false
ProjectManager.CoupleFile=false
ProjectManager.CustomerFirmwarePackage=
ProjectManager.DefaultFWLocation=true
ProjectManager.DeletePrevious=true
ProjectManager.DeviceId=STM32L072VZTx
ProjectManager.FirmwarePackage=STM32Cube FW_L0 V1.12.2
ProjectManager.FreePins=false
ProjectManager.HalAssertFull=false
ProjectManager.HeapSize=0x200
ProjectManager.KeepUserCode=true
ProjectManager.LastFirmware=true
ProjectManager.LibraryCopy=1
ProjectManager.MainLocation=Core/Src
ProjectManager.NoMain=false
ProjectManager.PreviousToolchain=STM32CubeIDE
ProjectManager.ProjectBuild=false
ProjectManager.ProjectFileName=Yolk Keyboard.ioc
ProjectManager.ProjectName=Yolk Keyboard
ProjectManager.ProjectStructure=
ProjectManager.RegisterCallBack=
ProjectManager.StackSize=0x800
ProjectManager.TargetToolchain=STM32CubeIDE
ProjectManager.ToolChainLocation=
ProjectManager.UAScriptAfterPath=
ProjectManager.UAScriptBeforePath=
ProjectManager.UnderRoot=true
ProjectManager.functionlistsort=1-SystemClock_Config-RCC-false-HAL-false,2-MX_GPIO_Init-GPIO-false-HAL-true,3-MX_DMA_Init-DMA-false-HAL-true,4-MX_I2C1_Init-I2C1-false-HAL-true,5-MX_I2C2_Init-I2C2-false-HAL-true,6-MX_LPUART1_UART_Init-LPUART1-false-HAL-true,7-MX_USART2_UART_Init-USART2-false-HAL-true,8-MX_TIM2_Init-TIM2-false-HAL-true,false-9-MX_USB_DEVICE_Init-USB_DEVICE-false-HAL-false
RCC.48CLKFreq_Value=48000000
RCC.48RNGFreq_Value=48000000
RCC.48USBFreq_Value=48000000
RCC.AHBFreq_Value=32000000
RCC.APB1Freq_Value=32000000
RCC.APB1TimFreq_Value=32000000
RCC.APB2Freq_Value=32000000
RCC.APB2TimFreq_Value=32000000
RCC.FCLKCortexFreq_Value=32000000
RCC.FamilyName=M
RCC.HCLKFreq_Value=32000000
RCC.HSE_VALUE=12000000
RCC.HSI16_VALUE=16000000
RCC.HSI48_VALUE=48000000
RCC.HSI_VALUE=16000000
RCC.I2C1Freq_Value=32000000
RCC.I2C3Freq_Value=32000000
RCC.IPParameters=48CLKFreq_Value,48RNGFreq_Value,48USBFreq_Value,AHBFreq_Value,APB1Freq_Value,APB1TimFreq_Value,APB2Freq_Value,APB2TimFreq_Value,FCLKCortexFreq_Value,FamilyName,HCLKFreq_Value,HSE_VALUE,HSI16_VALUE,HSI48_VALUE,HSI_VALUE,I2C1Freq_Value,I2C3Freq_Value,LPTIMFreq_Value,LPUARTFreq_Value,LSE_VALUE,LSI_VALUE,Lpuart1ClockSelection,MCOPinFreq_Value,MSI_VALUE,PLLCLKFreq_Value,PLLDIV,PLLMUL,RTCFreq_Value,RTCHSEDivFreq_Value,SYSCLKFreq_VALUE,SYSCLKSource,TIMFreq_Value,TimerFreq_Value,USART1Freq_Value,USART2Freq_Value,Usart2ClockSelection,VCOInputFreq_Value,VCOOutputFreq_Value,WatchDogFreq_Value
RCC.LPTIMFreq_Value=32000000
RCC.LPUARTFreq_Value=16000000
RCC.LSE_VALUE=32768
RCC.LSI_VALUE=37000
RCC.Lpuart1ClockSelection=RCC_LPUART1CLKSOURCE_HSI
RCC.MCOPinFreq_Value=32000000
RCC.MSI_VALUE=2097000
RCC.PLLCLKFreq_Value=32000000
RCC.PLLDIV=RCC_PLLDIV_3
RCC.PLLMUL=RCC_PLLMUL_8
RCC.RTCFreq_Value=37000
RCC.RTCHSEDivFreq_Value=6000000
RCC.SYSCLKFreq_VALUE=32000000
RCC.SYSCLKSource=RCC_SYSCLKSOURCE_PLLCLK
RCC.TIMFreq_Value=32000000
RCC.TimerFreq_Value=32000000
RCC.USART1Freq_Value=32000000
RCC.USART2Freq_Value=16000000
RCC.Usart2ClockSelection=RCC_USART2CLKSOURCE_HSI
RCC.VCOInputFreq_Value=12000000
RCC.VCOOutputFreq_Value=96000000
RCC.WatchDogFreq_Value=37000
SH.S_TIM2_CH1.0=TIM2_CH1,PWM Generation1 CH1
SH.S_TIM2_CH1.ConfNb=1
SH.S_TIM2_CH2.0=TIM2_CH2,PWM Generation2 CH2
SH.S_TIM2_CH2.ConfNb=1
TIM2.Channel-PWM\ Generation1\ CH1=TIM_CHANNEL_1
TIM2.Channel-PWM\ Generation2\ CH2=TIM_CHANNEL_2
TIM2.IPParameters=Channel-PWM Generation1 CH1,Channel-PWM Generation2 CH2
USART2.IPParameters=VirtualMode-Asynchronous
USART2.VirtualMode-Asynchronous=VM_ASYNC
USB_DEVICE.CLASS_NAME_FS=HID
USB_DEVICE.CONFIGURATION_STRING_HID_FS=Yolk Workshop HID Config
USB_DEVICE.HID_FS_BINTERVAL=0x01
USB_DEVICE.IPParameters=VirtualMode,VirtualModeFS,CLASS_NAME_FS,MANUFACTURER_STRING,VID,USBD_MAX_NUM_INTERFACES,USBD_DEBUG_LEVEL,USBD_SELF_POWERED,HID_FS_BINTERVAL,PID_HID_FS,PRODUCT_STRING_HID_FS,CONFIGURATION_STRING_HID_FS
USB_DEVICE.MANUFACTURER_STRING=Yolk Workshop
USB_DEVICE.PID_HID_FS=1
USB_DEVICE.PRODUCT_STRING_HID_FS=Yolk Workshop Keyboard
USB_DEVICE.USBD_DEBUG_LEVEL=2
USB_DEVICE.USBD_MAX_NUM_INTERFACES=1
USB_DEVICE.USBD_SELF_POWERED=0
USB_DEVICE.VID=0x6666
USB_DEVICE.VirtualMode=Hid
USB_DEVICE.VirtualModeFS=Hid_FS
VP_SYS_VS_Systick.Mode=SysTick
VP_SYS_VS_Systick.Signal=SYS_VS_Systick
VP_USB_DEVICE_VS_USB_DEVICE_HID_FS.Mode=HID_FS
VP_USB_DEVICE_VS_USB_DEVICE_HID_FS.Signal=USB_DEVICE_VS_USB_DEVICE_HID_FS
board=custom
isbadioc=true
